# THIS IS AN AUTOGENERATED FILE. DO NOT EDIT THIS FILE DIRECTLY.
# yarn lockfile v1


"@slite/quill-delta-markdown@alexjohnporter/quill-delta-markdown":
  version "0.0.8"
  resolved "https://codeload.github.com/alexjohnporter/quill-delta-markdown/tar.gz/796acf9e6b9397cc3c4ab020841101ae06ae3c14"
  dependencies:
    commonmark "^0.26.0"
    lodash "^4.16.4"
    quill-delta "^3.4.0"

clone@^2.1.1:
  version "2.1.1"
  resolved "https://registry.yarnpkg.com/clone/-/clone-2.1.1.tgz#d217d1e961118e3ac9a4b8bba3285553bf647cdb"

commonmark@^0.26.0:
  version "0.26.0"
  resolved "https://registry.yarnpkg.com/commonmark/-/commonmark-0.26.0.tgz#216e8f2f2bc7306c002a73aaa4edb64609e26457"
  dependencies:
    entities "~ 1.1.1"
    mdurl "~ 1.0.1"
    minimist "~ 1.2.0"
    string.prototype.repeat "^0.2.0"

deep-equal@^1.0.1:
  version "1.0.1"
  resolved "https://registry.yarnpkg.com/deep-equal/-/deep-equal-1.0.1.tgz#f5d260292b660e084eff4cdbc9f08ad3247448b5"

"entities@~ 1.1.1":
  version "1.1.1"
  resolved "https://registry.yarnpkg.com/entities/-/entities-1.1.1.tgz#6e5c2d0a5621b5dadaecef80b90edfb5cd7772f0"

eventemitter3@^2.0.3:
  version "2.0.3"
  resolved "https://registry.yarnpkg.com/eventemitter3/-/eventemitter3-2.0.3.tgz#b5e1079b59fb5e1ba2771c0a993be060a58c99ba"

extend@^3.0.1:
  version "3.0.1"
  resolved "https://registry.yarnpkg.com/extend/-/extend-3.0.1.tgz#a755ea7bc1adfcc5a31ce7e762dbaadc5e636444"

fast-diff@1.1.2:
  version "1.1.2"
  resolved "https://registry.yarnpkg.com/fast-diff/-/fast-diff-1.1.2.tgz#4b62c42b8e03de3f848460b639079920695d0154"

lodash@^4.16.4:
  version "4.17.5"
  resolved "https://registry.yarnpkg.com/lodash/-/lodash-4.17.5.tgz#99a92d65c0272debe8c96b6057bc8fbfa3bed511"

"mdurl@~ 1.0.1":
  version "1.0.1"
  resolved "https://registry.yarnpkg.com/mdurl/-/mdurl-1.0.1.tgz#fe85b2ec75a59037f2adfec100fd6c601761152e"

"minimist@~ 1.2.0":
  version "1.2.0"
  resolved "https://registry.yarnpkg.com/minimist/-/minimist-1.2.0.tgz#a35008b20f41383eec1fb914f4cd5df79a264284"

parchment@^1.1.3:
  version "1.1.3"
  resolved "https://registry.yarnpkg.com/parchment/-/parchment-1.1.3.tgz#c0fd5c2765eb73b30bfe171d6567cb1ae748e9af"

quill-delta@^3.4.0, quill-delta@^3.6.2:
  version "3.6.2"
  resolved "https://registry.yarnpkg.com/quill-delta/-/quill-delta-3.6.2.tgz#76eed0163b8b09a076fba6ade29307c42b40b8d8"
  dependencies:
    deep-equal "^1.0.1"
    extend "^3.0.1"
    fast-diff "1.1.2"

quill-focus@amka/quill-focus:
  version "0.0.0"
  resolved "https://codeload.github.com/amka/quill-focus/tar.gz/e74c710b2cf3173a6fd00097b00625195ca16af7"

quill-markdown-shortcuts@patleeman/quill-markdown-shortcuts:
  version "0.0.4"
  resolved "https://codeload.github.com/patleeman/quill-markdown-shortcuts/tar.gz/ddd2574f623430e664acb204b642c4540bef39ae"

quill@^1.3.5:
  version "1.3.5"
  resolved "https://registry.yarnpkg.com/quill/-/quill-1.3.5.tgz#26fa625fda416c4eae324fb23fd1a506dad5979f"
  dependencies:
    clone "^2.1.1"
    deep-equal "^1.0.1"
    eventemitter3 "^2.0.3"
    extend "^3.0.1"
    parchment "^1.1.3"
    quill-delta "^3.6.2"

string.prototype.repeat@^0.2.0:
  version "0.2.0"
  resolved "https://registry.yarnpkg.com/string.prototype.repeat/-/string.prototype.repeat-0.2.0.tgz#aba36de08dcee6a5a337d49b2ea1da1b28fc0ecf"
